
Microsoft Visual Studio Solution File, Format Version 12.00
# Visual Studio Version 16
VisualStudioVersion = 16.0.31424.327
MinimumVisualStudioVersion = 10.0.40219.1
Project("{FAE04EC0-301F-11D3-BF4B-00C04F79EFBC}") = "PortfolioOfMunshiFaysalAhmed", "PortfolioOfMunshiFaysalAhmed\PortfolioOfMunshiFaysalAhmed.csproj", "{FF105D99-6E05-4403-85D2-8C74272B5BE0}"
EndProject
Global
	GlobalSection(SolutionConfigurationPlatforms) = preSolution
		Debug|Any CPU = Debug|Any CPU
		Release|Any CPU = Release|Any CPU
	EndGlobalSection
	GlobalSection(ProjectConfigurationPlatforms) = postSolution
		{FF105D99-6E05-4403-85D2-8C74272B5BE0}.Debug|Any CPU.ActiveCfg = Debug|Any CPU
		{FF105D99-6E05-4403-85D2-8C74272B5BE0}.Debug|Any CPU.Build.0 = Debug|Any CPU
		{FF105D99-6E05-4403-85D2-8C74272B5BE0}.Release|Any CPU.ActiveCfg = Release|Any CPU
		{FF105D99-6E05-4403-85D2-8C74272B5BE0}.Release|Any CPU.Build.0 = Release|Any CPU
	EndGlobalSection
	GlobalSection(SolutionProperties) = preSolution
		HideSolutionNode = FALSE
	EndGlobalSection
	GlobalSection(ExtensibilityGlobals) = postSolution
		SolutionGuid = {67AD4EC6-047F-4721-85B9-930C4BE69504}
	EndGlobalSection
EndGlobal
